
Microsoft Visual Studio Solution File, Format Version 12.00
# Visual Studio Version 16
VisualStudioVersion = 16.0.31112.23
MinimumVisualStudioVersion = 10.0.40219.1
Project("{9A19103F-16F7-4668-BE54-9A1E7A4F7556}") = "TrafficUpdateSubscriptionSystem", "TrafficUpdateService.SubscriptionHandling\TrafficUpdateSubscriptionSystem.csproj", "{EDD56F36-ED3F-4799-ACAB-C6B227780EF0}"
EndProject
Global
	GlobalSection(SolutionConfigurationPlatforms) = preSolution
		Debug|Any CPU = Debug|Any CPU
		Release|Any CPU = Release|Any CPU
	EndGlobalSection
	GlobalSection(ProjectConfigurationPlatforms) = postSolution
		{EDD56F36-ED3F-4799-ACAB-C6B227780EF0}.Debug|Any CPU.ActiveCfg = Debug|Any CPU
		{EDD56F36-ED3F-4799-ACAB-C6B227780EF0}.Debug|Any CPU.Build.0 = Debug|Any CPU
		{EDD56F36-ED3F-4799-ACAB-C6B227780EF0}.Release|Any CPU.ActiveCfg = Release|Any CPU
		{EDD56F36-ED3F-4799-ACAB-C6B227780EF0}.Release|Any CPU.Build.0 = Release|Any CPU
	EndGlobalSection
	GlobalSection(SolutionProperties) = preSolution
		HideSolutionNode = FALSE
	EndGlobalSection
	GlobalSection(ExtensibilityGlobals) = postSolution
		SolutionGuid = {81A44F0A-C7EC-4EC4-8F6C-1B461DED4B51}
	EndGlobalSection
EndGlobal
